
Microsoft Visual Studio Solution File, Format Version 12.00
# Visual Studio Version 17
VisualStudioVersion = 17.9.34902.65
MinimumVisualStudioVersion = 10.0.40219.1
Project("{FAE04EC0-301F-11D3-BF4B-00C04F79EFBC}") = "WpfApp", "WpfApp\WpfApp.csproj", "{49AFD2E1-FD4D-4F88-9793-2ED4F37A203E}"
EndProject
Global
	GlobalSection(SolutionConfigurationPlatforms) = preSolution
		Debug|Any CPU = Debug|Any CPU
		Release|Any CPU = Release|Any CPU
	EndGlobalSection
	GlobalSection(ProjectConfigurationPlatforms) = postSolution
		{49AFD2E1-FD4D-4F88-9793-2ED4F37A203E}.Debug|Any CPU.ActiveCfg = Debug|Any CPU
		{49AFD2E1-FD4D-4F88-9793-2ED4F37A203E}.Debug|Any CPU.Build.0 = Debug|Any CPU
		{49AFD2E1-FD4D-4F88-9793-2ED4F37A203E}.Release|Any CPU.ActiveCfg = Release|Any CPU
		{49AFD2E1-FD4D-4F88-9793-2ED4F37A203E}.Release|Any CPU.Build.0 = Release|Any CPU
	EndGlobalSection
	GlobalSection(SolutionProperties) = preSolution
		HideSolutionNode = FALSE
	EndGlobalSection
	GlobalSection(ExtensibilityGlobals) = postSolution
		SolutionGuid = {8AAF3C65-9623-4A08-BFBE-20AA23436A3B}
	EndGlobalSection
EndGlobal
